Microsoft Visual Studio Solution File, Format Version 12.00
# Visual Studio Version 17
VisualStudioVersion = 17.5.2.0
MinimumVisualStudioVersion = 10.0.40219.1
Project("{FAE04EC0-301F-11D3-BF4B-00C04F79EFBC}") = "Lab6App", "Lab6App.csproj", "{45938F6B-3220-6853-FD78-A2850969002D}"
EndProject
Global
	GlobalSection(SolutionConfigurationPlatforms) = preSolution
		Debug|Any CPU = Debug|Any CPU
		Release|Any CPU = Release|Any CPU
	EndGlobalSection
	GlobalSection(ProjectConfigurationPlatforms) = postSolution
		{45938F6B-3220-6853-FD78-A2850969002D}.Debug|Any CPU.ActiveCfg = Debug|Any CPU
		{45938F6B-3220-6853-FD78-A2850969002D}.Debug|Any CPU.Build.0 = Debug|Any CPU
		{45938F6B-3220-6853-FD78-A2850969002D}.Release|Any CPU.ActiveCfg = Release|Any CPU
		{45938F6B-3220-6853-FD78-A2850969002D}.Release|Any CPU.Build.0 = Release|Any CPU
	EndGlobalSection
	GlobalSection(SolutionProperties) = preSolution
		HideSolutionNode = FALSE
	EndGlobalSection
	GlobalSection(ExtensibilityGlobals) = postSolution
		SolutionGuid = {BFD7A0EE-BE78-4EF7-B2E2-B2C71130C650}
	EndGlobalSection
EndGlobal
