
Microsoft Visual Studio Solution File, Format Version 12.00
# Visual Studio Version 18
VisualStudioVersion = 18.3.11520.95 d18.3
MinimumVisualStudioVersion = 10.0.40219.1
Project("{FAE04EC0-301F-11D3-BF4B-00C04F79EFBC}") = "Week3.LiveCoding", "..\Week3.LiveCoding\Week3.LiveCoding.csproj", "{24DC5801-DEC4-69A0-BF6D-44C682FC325D}"
EndProject
Project("{FAE04EC0-301F-11D3-BF4B-00C04F79EFBC}") = "Week3.LiveCoding.Advanced", "..\Week3.LiveCoding.Advanced\Week3.LiveCoding.Advanced.csproj", "{AB22D99E-3733-88CB-AC27-7734DE08BCCA}"
EndProject
Project("{FAE04EC0-301F-11D3-BF4B-00C04F79EFBC}") = "Lab-3-JohnBastille", "Lab-3-JohnBastille\Lab-3-JohnBastille.csproj", "{4BDA91E2-4EA5-4E7A-83E4-F8921FAFE7C2}"
EndProject
Global
	GlobalSection(SolutionConfigurationPlatforms) = preSolution
		Debug|Any CPU = Debug|Any CPU
		Release|Any CPU = Release|Any CPU
	EndGlobalSection
	GlobalSection(ProjectConfigurationPlatforms) = postSolution
		{24DC5801-DEC4-69A0-BF6D-44C682FC325D}.Debug|Any CPU.ActiveCfg = Debug|Any CPU
		{24DC5801-DEC4-69A0-BF6D-44C682FC325D}.Debug|Any CPU.Build.0 = Debug|Any CPU
		{24DC5801-DEC4-69A0-BF6D-44C682FC325D}.Release|Any CPU.ActiveCfg = Release|Any CPU
		{24DC5801-DEC4-69A0-BF6D-44C682FC325D}.Release|Any CPU.Build.0 = Release|Any CPU
		{AB22D99E-3733-88CB-AC27-7734DE08BCCA}.Debug|Any CPU.ActiveCfg = Debug|Any CPU
		{AB22D99E-3733-88CB-AC27-7734DE08BCCA}.Debug|Any CPU.Build.0 = Debug|Any CPU
		{AB22D99E-3733-88CB-AC27-7734DE08BCCA}.Release|Any CPU.ActiveCfg = Release|Any CPU
		{AB22D99E-3733-88CB-AC27-7734DE08BCCA}.Release|Any CPU.Build.0 = Release|Any CPU
		{4BDA91E2-4EA5-4E7A-83E4-F8921FAFE7C2}.Debug|Any CPU.ActiveCfg = Debug|Any CPU
		{4BDA91E2-4EA5-4E7A-83E4-F8921FAFE7C2}.Debug|Any CPU.Build.0 = Debug|Any CPU
		{4BDA91E2-4EA5-4E7A-83E4-F8921FAFE7C2}.Release|Any CPU.ActiveCfg = Release|Any CPU
		{4BDA91E2-4EA5-4E7A-83E4-F8921FAFE7C2}.Release|Any CPU.Build.0 = Release|Any CPU
	EndGlobalSection
	GlobalSection(SolutionProperties) = preSolution
		HideSolutionNode = FALSE
	EndGlobalSection
	GlobalSection(ExtensibilityGlobals) = postSolution
		SolutionGuid = {31AB6AF5-980A-450F-9F83-3ECC461FC8B4}
	EndGlobalSection
EndGlobal
