Microsoft Visual Studio Solution File, Format Version 12.00
# Visual Studio Version 17
VisualStudioVersion = 17.5.2.0
MinimumVisualStudioVersion = 10.0.40219.1
Project("{2150E333-8FDC-42A3-9474-1A3956D46DE8}") = "Lab1.App", "Lab1.App", "{1BE3DC80-B3D9-D514-8C5C-63DF66DBD7FE}"
EndProject
Project("{FAE04EC0-301F-11D3-BF4B-00C04F79EFBC}") = "Lab1", "Lab1.App\Lab1.csproj", "{7671DF74-F24B-4698-0463-CF5DA74841FF}"
EndProject
Global
	GlobalSection(SolutionConfigurationPlatforms) = preSolution
		Debug|Any CPU = Debug|Any CPU
		Release|Any CPU = Release|Any CPU
	EndGlobalSection
	GlobalSection(ProjectConfigurationPlatforms) = postSolution
		{7671DF74-F24B-4698-0463-CF5DA74841FF}.Debug|Any CPU.ActiveCfg = Debug|Any CPU
		{7671DF74-F24B-4698-0463-CF5DA74841FF}.Debug|Any CPU.Build.0 = Debug|Any CPU
		{7671DF74-F24B-4698-0463-CF5DA74841FF}.Release|Any CPU.ActiveCfg = Release|Any CPU
		{7671DF74-F24B-4698-0463-CF5DA74841FF}.Release|Any CPU.Build.0 = Release|Any CPU
	EndGlobalSection
	GlobalSection(SolutionProperties) = preSolution
		HideSolutionNode = FALSE
	EndGlobalSection
	GlobalSection(NestedProjects) = preSolution
		{7671DF74-F24B-4698-0463-CF5DA74841FF} = {1BE3DC80-B3D9-D514-8C5C-63DF66DBD7FE}
	EndGlobalSection
	GlobalSection(ExtensibilityGlobals) = postSolution
		SolutionGuid = {247358D3-408D-4081-9A4E-AFBEE38F2ABB}
	EndGlobalSection
EndGlobal
