Microsoft Visual Studio Solution File, Format Version 12.00
# Visual Studio Version 17
VisualStudioVersion = 17.5.2.0
MinimumVisualStudioVersion = 10.0.40219.1
Project("{FAE04EC0-301F-11D3-BF4B-00C04F79EFBC}") = "Lab4App", "Lab4App.csproj", "{BD069221-819D-AF60-86EA-AC60A47A668D}"
EndProject
Global
	GlobalSection(SolutionConfigurationPlatforms) = preSolution
		Debug|Any CPU = Debug|Any CPU
		Release|Any CPU = Release|Any CPU
	EndGlobalSection
	GlobalSection(ProjectConfigurationPlatforms) = postSolution
		{BD069221-819D-AF60-86EA-AC60A47A668D}.Debug|Any CPU.ActiveCfg = Debug|Any CPU
		{BD069221-819D-AF60-86EA-AC60A47A668D}.Debug|Any CPU.Build.0 = Debug|Any CPU
		{BD069221-819D-AF60-86EA-AC60A47A668D}.Release|Any CPU.ActiveCfg = Release|Any CPU
		{BD069221-819D-AF60-86EA-AC60A47A668D}.Release|Any CPU.Build.0 = Release|Any CPU
	EndGlobalSection
	GlobalSection(SolutionProperties) = preSolution
		HideSolutionNode = FALSE
	EndGlobalSection
	GlobalSection(ExtensibilityGlobals) = postSolution
		SolutionGuid = {0E74080E-C44F-4BD4-A6B2-F6CC94551291}
	EndGlobalSection
EndGlobal
