Microsoft Visual Studio Solution File, Format Version 12.00
# Visual Studio Version 17
VisualStudioVersion = 17.5.2.0
MinimumVisualStudioVersion = 10.0.40219.1
Project("{FAE04EC0-301F-11D3-BF4B-00C04F79EFBC}") = "Lab2.App", "Lab2.App\Lab2.App.csproj", "{F1F38101-60F8-47DB-1403-893337C452B5}"
EndProject
Global
	GlobalSection(SolutionConfigurationPlatforms) = preSolution
		Debug|Any CPU = Debug|Any CPU
		Release|Any CPU = Release|Any CPU
	EndGlobalSection
	GlobalSection(ProjectConfigurationPlatforms) = postSolution
		{F1F38101-60F8-47DB-1403-893337C452B5}.Debug|Any CPU.ActiveCfg = Debug|Any CPU
		{F1F38101-60F8-47DB-1403-893337C452B5}.Debug|Any CPU.Build.0 = Debug|Any CPU
		{F1F38101-60F8-47DB-1403-893337C452B5}.Release|Any CPU.ActiveCfg = Release|Any CPU
		{F1F38101-60F8-47DB-1403-893337C452B5}.Release|Any CPU.Build.0 = Release|Any CPU
	EndGlobalSection
	GlobalSection(SolutionProperties) = preSolution
		HideSolutionNode = FALSE
	EndGlobalSection
	GlobalSection(ExtensibilityGlobals) = postSolution
		SolutionGuid = {E09A878F-C267-47F2-90D0-96558F43B64A}
	EndGlobalSection
EndGlobal
